
Microsoft Visual Studio Solution File, Format Version 11.00
# Visual Studio 2010
Project("{FAE04EC0-301F-11D3-BF4B-00C04F79EFBC}") = "ServiceLibrary", "ServiceLibrary\ServiceLibrary.csproj", "{E463DA16-A394-4CFD-8A73-011264B0DDC3}"
EndProject
Project("{FAE04EC0-301F-11D3-BF4B-00C04F79EFBC}") = "HostQuanLyDanhBa", "HostQuanLyDanhBa\HostQuanLyDanhBa.csproj", "{939510A4-F09A-41AC-8C70-0CDD26D2AA6B}"
EndProject
Project("{FAE04EC0-301F-11D3-BF4B-00C04F79EFBC}") = "ClientQuanLyDanhBa", "ClientQuanLyDanhBa\ClientQuanLyDanhBa.csproj", "{AB835E73-4F2E-453A-B4A0-670E830983D9}"
EndProject
Global
	GlobalSection(SolutionConfigurationPlatforms) = preSolution
		Debug|Any CPU = Debug|Any CPU
		Debug|Mixed Platforms = Debug|Mixed Platforms
		Debug|x86 = Debug|x86
		Release|Any CPU = Release|Any CPU
		Release|Mixed Platforms = Release|Mixed Platforms
		Release|x86 = Release|x86
	EndGlobalSection
	GlobalSection(ProjectConfigurationPlatforms) = postSolution
		{E463DA16-A394-4CFD-8A73-011264B0DDC3}.Debug|Any CPU.ActiveCfg = Debug|Any CPU
		{E463DA16-A394-4CFD-8A73-011264B0DDC3}.Debug|Any CPU.Build.0 = Debug|Any CPU
		{E463DA16-A394-4CFD-8A73-011264B0DDC3}.Debug|Mixed Platforms.ActiveCfg = Debug|Any CPU
		{E463DA16-A394-4CFD-8A73-011264B0DDC3}.Debug|Mixed Platforms.Build.0 = Debug|Any CPU
		{E463DA16-A394-4CFD-8A73-011264B0DDC3}.Debug|x86.ActiveCfg = Debug|Any CPU
		{E463DA16-A394-4CFD-8A73-011264B0DDC3}.Release|Any CPU.ActiveCfg = Release|Any CPU
		{E463DA16-A394-4CFD-8A73-011264B0DDC3}.Release|Any CPU.Build.0 = Release|Any CPU
		{E463DA16-A394-4CFD-8A73-011264B0DDC3}.Release|Mixed Platforms.ActiveCfg = Release|Any CPU
		{E463DA16-A394-4CFD-8A73-011264B0DDC3}.Release|Mixed Platforms.Build.0 = Release|Any CPU
		{E463DA16-A394-4CFD-8A73-011264B0DDC3}.Release|x86.ActiveCfg = Release|Any CPU
		{939510A4-F09A-41AC-8C70-0CDD26D2AA6B}.Debug|Any CPU.ActiveCfg = Debug|x86
		{939510A4-F09A-41AC-8C70-0CDD26D2AA6B}.Debug|Mixed Platforms.ActiveCfg = Debug|x86
		{939510A4-F09A-41AC-8C70-0CDD26D2AA6B}.Debug|Mixed Platforms.Build.0 = Debug|x86
		{939510A4-F09A-41AC-8C70-0CDD26D2AA6B}.Debug|x86.ActiveCfg = Debug|x86
		{939510A4-F09A-41AC-8C70-0CDD26D2AA6B}.Debug|x86.Build.0 = Debug|x86
		{939510A4-F09A-41AC-8C70-0CDD26D2AA6B}.Release|Any CPU.ActiveCfg = Release|x86
		{939510A4-F09A-41AC-8C70-0CDD26D2AA6B}.Release|Mixed Platforms.ActiveCfg = Release|x86
		{939510A4-F09A-41AC-8C70-0CDD26D2AA6B}.Release|Mixed Platforms.Build.0 = Release|x86
		{939510A4-F09A-41AC-8C70-0CDD26D2AA6B}.Release|x86.ActiveCfg = Release|x86
		{939510A4-F09A-41AC-8C70-0CDD26D2AA6B}.Release|x86.Build.0 = Release|x86
		{AB835E73-4F2E-453A-B4A0-670E830983D9}.Debug|Any CPU.ActiveCfg = Debug|x86
		{AB835E73-4F2E-453A-B4A0-670E830983D9}.Debug|Mixed Platforms.ActiveCfg = Debug|x86
		{AB835E73-4F2E-453A-B4A0-670E830983D9}.Debug|Mixed Platforms.Build.0 = Debug|x86
		{AB835E73-4F2E-453A-B4A0-670E830983D9}.Debug|x86.ActiveCfg = Debug|x86
		{AB835E73-4F2E-453A-B4A0-670E830983D9}.Debug|x86.Build.0 = Debug|x86
		{AB835E73-4F2E-453A-B4A0-670E830983D9}.Release|Any CPU.ActiveCfg = Release|x86
		{AB835E73-4F2E-453A-B4A0-670E830983D9}.Release|Mixed Platforms.ActiveCfg = Release|x86
		{AB835E73-4F2E-453A-B4A0-670E830983D9}.Release|Mixed Platforms.Build.0 = Release|x86
		{AB835E73-4F2E-453A-B4A0-670E830983D9}.Release|x86.ActiveCfg = Release|x86
		{AB835E73-4F2E-453A-B4A0-670E830983D9}.Release|x86.Build.0 = Release|x86
	EndGlobalSection
	GlobalSection(SolutionProperties) = preSolution
		HideSolutionNode = FALSE
	EndGlobalSection
EndGlobal
